
Microsoft Visual Studio Solution File, Format Version 12.00
# Visual Studio Version 17
VisualStudioVersion = 17.7.34221.43
MinimumVisualStudioVersion = 10.0.40219.1
Project("{FAE04EC0-301F-11D3-BF4B-00C04F79EFBC}") = "Hospital", "Hospital\Hospital.csproj", "{8D55F160-F9E3-4712-A61A-CD9AC6F17FDD}"
EndProject
Global
	GlobalSection(SolutionConfigurationPlatforms) = preSolution
		Debug|Any CPU = Debug|Any CPU
		Release|Any CPU = Release|Any CPU
	EndGlobalSection
	GlobalSection(ProjectConfigurationPlatforms) = postSolution
		{8D55F160-F9E3-4712-A61A-CD9AC6F17FDD}.Debug|Any CPU.ActiveCfg = Debug|Any CPU
		{8D55F160-F9E3-4712-A61A-CD9AC6F17FDD}.Debug|Any CPU.Build.0 = Debug|Any CPU
		{8D55F160-F9E3-4712-A61A-CD9AC6F17FDD}.Release|Any CPU.ActiveCfg = Release|Any CPU
		{8D55F160-F9E3-4712-A61A-CD9AC6F17FDD}.Release|Any CPU.Build.0 = Release|Any CPU
	EndGlobalSection
	GlobalSection(SolutionProperties) = preSolution
		HideSolutionNode = FALSE
	EndGlobalSection
	GlobalSection(ExtensibilityGlobals) = postSolution
		SolutionGuid = {02DFD914-586D-4764-AEB8-A2C0C8FFED68}
	EndGlobalSection
EndGlobal
